// !$*UTF8*$!
{
	archiveVersion = 1;
	classes = {
	};
	objectVersion = 46;
	objects = {

/* Begin PBXBuildFile section */
		20518D6EA9E97D5C6C766787 /* libPods-GTM-Demo-V1.a in Frameworks */ = {isa = PBXBuildFile; fileRef = 1E71CCF9CB5DBFE9826268CC /* libPods-GTM-Demo-V1.a */; };
		463BF1A41B9C3D20008A756C /* main.m in Sources */ = {isa = PBXBuildFile; fileRef = 463BF1A31B9C3D20008A756C /* main.m */; };
		463BF1A71B9C3D20008A756C /* AppDelegate.m in Sources */ = {isa = PBXBuildFile; fileRef = 463BF1A61B9C3D20008A756C /* AppDelegate.m */; };
		463BF1AA1B9C3D20008A756C /* GTM_Demo_V1.xcdatamodeld in Sources */ = {isa = PBXBuildFile; fileRef = 463BF1A81B9C3D20008A756C /* GTM_Demo_V1.xcdatamodeld */; };
		463BF1AD1B9C3D20008A756C /* ViewController.m in Sources */ = {isa = PBXBuildFile; fileRef = 463BF1AC1B9C3D20008A756C /* ViewController.m */; };
		463BF1B01B9C3D20008A756C /* Main.storyboard in Resources */ = {isa = PBXBuildFile; fileRef = 463BF1AE1B9C3D20008A756C /* Main.storyboard */; };
		463BF1B21B9C3D20008A756C /* Images.xcassets in Resources */ = {isa = PBXBuildFile; fileRef = 463BF1B11B9C3D20008A756C /* Images.xcassets */; };
		463BF1B51B9C3D20008A756C /* LaunchScreen.xib in Resources */ = {isa = PBXBuildFile; fileRef = 463BF1B31B9C3D20008A756C /* LaunchScreen.xib */; };
		463BF1C11B9C3D20008A756C /* GTM_Demo_V1Tests.m in Sources */ = {isa = PBXBuildFile; fileRef = 463BF1C01B9C3D20008A756C /* GTM_Demo_V1Tests.m */; };
/* End PBXBuildFile section */

/* Begin PBXContainerItemProxy section */
		463BF1BB1B9C3D20008A756C /* PBXContainerItemProxy */ = {
			isa = PBXContainerItemProxy;
			containerPortal = 463BF1961B9C3D20008A756C /* Project object */;
			proxyType = 1;
			remoteGlobalIDString = 463BF19D1B9C3D20008A756C;
			remoteInfo = "GTM-Demo-V1";
		};
/* End PBXContainerItemProxy section */

/* Begin PBXFileReference section */
		1D90E5F93D35E12D68CB338F /* Pods-GTM-Demo-V1.debug.xcconfig */ = {isa = PBXFileReference; includeInIndex = 1; lastKnownFileType = text.xcconfig; name = "Pods-GTM-Demo-V1.debug.xcconfig"; path = "Pods/Target Support Files/Pods-GTM-Demo-V1/Pods-GTM-Demo-V1.debug.xcconfig"; sourceTree = "<group>"; };
		1E71CCF9CB5DBFE9826268CC /* libPods-GTM-Demo-V1.a */ = {isa = PBXFileReference; explicitFileType = archive.ar; includeInIndex = 0; path = "libPods-GTM-Demo-V1.a"; sourceTree = BUILT_PRODUCTS_DIR; };
		463BF19E1B9C3D20008A756C /* GTM-Demo-V1.app */ = {isa = PBXFileReference; explicitFileType = wrapper.application; includeInIndex = 0; path = "GTM-Demo-V1.app"; sourceTree = BUILT_PRODUCTS_DIR; };
		463BF1A21B9C3D20008A756C /* Info.plist */ = {isa = PBXFileReference; lastKnownFileType = text.plist.xml; path = Info.plist; sourceTree = "<group>"; };
		463BF1A31B9C3D20008A756C /* main.m */ = {isa = PBXFileReference; lastKnownFileType = sourcecode.c.objc; path = main.m; sourceTree = "<group>"; };
		463BF1A51B9C3D20008A756C /* AppDelegate.h */ = {isa = PBXFileReference; lastKnownFileType = sourcecode.c.h; path = AppDelegate.h; sourceTree = "<group>"; };
		463BF1A61B9C3D20008A756C /* AppDelegate.m */ = {isa = PBXFileReference; lastKnownFileType = sourcecode.c.objc; path = AppDelegate.m; sourceTree = "<group>"; };
		463BF1A91B9C3D20008A756C /* GTM_Demo_V1.xcdatamodel */ = {isa = PBXFileReference; lastKnownFileType = wrapper.xcdatamodel; path = GTM_Demo_V1.xcdatamodel; sourceTree = "<group>"; };
		463BF1AB1B9C3D20008A756C /* ViewController.h */ = {isa = PBXFileReference; lastKnownFileType = sourcecode.c.h; path = ViewController.h; sourceTree = "<group>"; };
		463BF1AC1B9C3D20008A756C /* ViewController.m */ = {isa = PBXFileReference; lastKnownFileType = sourcecode.c.objc; path = ViewController.m; sourceTree = "<group>"; };
		463BF1AF1B9C3D20008A756C /* Base */ = {isa = PBXFileReference; lastKnownFileType = file.storyboard; name = Base; path = Base.lproj/Main.storyboard; sourceTree = "<group>"; };
		463BF1B11B9C3D20008A756C /* Images.xcassets */ = {isa = PBXFileReference; lastKnownFileType = folder.assetcatalog; path = Images.xcassets; sourceTree = "<group>"; };
		463BF1B41B9C3D20008A756C /* Base */ = {isa = PBXFileReference; lastKnownFileType = file.xib; name = Base; path = Base.lproj/LaunchScreen.xib; sourceTree = "<group>"; };
		463BF1BA1B9C3D20008A756C /* GTM-Demo-V1Tests.xctest */ = {isa = PBXFileReference; explicitFileType = wrapper.cfbundle; includeInIndex = 0; path = "GTM-Demo-V1Tests.xctest"; sourceTree = BUILT_PRODUCTS_DIR; };
		463BF1BF1B9C3D20008A756C /* Info.plist */ = {isa = PBXFileReference; lastKnownFileType = text.plist.xml; path = Info.plist; sourceTree = "<group>"; };
		463BF1C01B9C3D20008A756C /* GTM_Demo_V1Tests.m */ = {isa = PBXFileReference; lastKnownFileType = sourcecode.c.objc; path = GTM_Demo_V1Tests.m; sourceTree = "<group>"; };
		65C7445425BA6A569CD44B59 /* Pods-GTM-Demo-V1.release.xcconfig */ = {isa = PBXFileReference; includeInIndex = 1; lastKnownFileType = text.xcconfig; name = "Pods-GTM-Demo-V1.release.xcconfig"; path = "Pods/Target Support Files/Pods-GTM-Demo-V1/Pods-GTM-Demo-V1.release.xcconfig"; sourceTree = "<group>"; };
/* End PBXFileReference section */

/* Begin PBXFrameworksBuildPhase section */
		463BF19B1B9C3D20008A756C /* Frameworks */ = {
			isa = PBXFrameworksBuildPhase;
			buildActionMask = 2147483647;
			files = (
				20518D6EA9E97D5C6C766787 /* libPods-GTM-Demo-V1.a in Frameworks */,
			);
			runOnlyForDeploymentPostprocessing = 0;
		};
		463BF1B71B9C3D20008A756C /* Frameworks */ = {
			isa = PBXFrameworksBuildPhase;
			buildActionMask = 2147483647;
			files = (
			);
			runOnlyForDeploymentPostprocessing = 0;
		};
/* End PBXFrameworksBuildPhase section */

/* Begin PBXGroup section */
		463BF1951B9C3D20008A756C = {
			isa = PBXGroup;
			children = (
				463BF1A01B9C3D20008A756C /* GTM-Demo-V1 */,
				463BF1BD1B9C3D20008A756C /* GTM-Demo-V1Tests */,
				463BF19F1B9C3D20008A756C /* Products */,
				C9A8C40C205CBA7A90532C14 /* Pods */,
				E84CBDD74CD422390AE1D30A /* Frameworks */,
			);
			sourceTree = "<group>";
		};
		463BF19F1B9C3D20008A756C /* Products */ = {
			isa = PBXGroup;
			children = (
				463BF19E1B9C3D20008A756C /* GTM-Demo-V1.app */,
				463BF1BA1B9C3D20008A756C /* GTM-Demo-V1Tests.xctest */,
			);
			name = Products;
			sourceTree = "<group>";
		};
		463BF1A01B9C3D20008A756C /* GTM-Demo-V1 */ = {
			isa = PBXGroup;
			children = (
				463BF1A51B9C3D20008A756C /* AppDelegate.h */,
				463BF1A61B9C3D20008A756C /* AppDelegate.m */,
				463BF1AB1B9C3D20008A756C /* ViewController.h */,
				463BF1AC1B9C3D20008A756C /* ViewController.m */,
				463BF1AE1B9C3D20008A756C /* Main.storyboard */,
				463BF1B11B9C3D20008A756C /* Images.xcassets */,
				463BF1B31B9C3D20008A756C /* LaunchScreen.xib */,
				463BF1A81B9C3D20008A756C /* GTM_Demo_V1.xcdatamodeld */,
				463BF1A11B9C3D20008A756C /* Supporting Files */,
			);
			path = "GTM-Demo-V1";
			sourceTree = "<group>";
		};
		463BF1A11B9C3D20008A756C /* Supporting Files */ = {
			isa = PBXGroup;
			children = (
				463BF1A21B9C3D20008A756C /* Info.plist */,
				463BF1A31B9C3D20008A756C /* main.m */,
			);
			name = "Supporting Files";
			sourceTree = "<group>";
		};
		463BF1BD1B9C3D20008A756C /* GTM-Demo-V1Tests */ = {
			isa = PBXGroup;
			children = (
				463BF1C01B9C3D20008A756C /* GTM_Demo_V1Tests.m */,
				463BF1BE1B9C3D20008A756C /* Supporting Files */,
			);
			path = "GTM-Demo-V1Tests";
			sourceTree = "<group>";
		};
		463BF1BE1B9C3D20008A756C /* Supporting Files */ = {
			isa = PBXGroup;
			children = (
				463BF1BF1B9C3D20008A756C /* Info.plist */,
			);
			name = "Supporting Files";
			sourceTree = "<group>";
		};
		C9A8C40C205CBA7A90532C14 /* Pods */ = {
			isa = PBXGroup;
			children = (
				1D90E5F93D35E12D68CB338F /* Pods-GTM-Demo-V1.debug.xcconfig */,
				65C7445425BA6A569CD44B59 /* Pods-GTM-Demo-V1.release.xcconfig */,
			);
			name = Pods;
			sourceTree = "<group>";
		};
		E84CBDD74CD422390AE1D30A /* Frameworks */ = {
			isa = PBXGroup;
			children = (
				1E71CCF9CB5DBFE9826268CC /* libPods-GTM-Demo-V1.a */,
			);
			name = Frameworks;
			sourceTree = "<group>";
		};
/* End PBXGroup section */

/* Begin PBXNativeTarget section */
		463BF19D1B9C3D20008A756C /* GTM-Demo-V1 */ = {
			isa = PBXNativeTarget;
			buildConfigurationList = 463BF1C41B9C3D20008A756C /* Build configuration list for PBXNativeTarget "GTM-Demo-V1" */;
			buildPhases = (
				9A73BD11CAE3AADC4B229B50 /* Check Pods Manifest.lock */,
				463BF19A1B9C3D20008A756C /* Sources */,
				463BF19B1B9C3D20008A756C /* Frameworks */,
				463BF19C1B9C3D20008A756C /* Resources */,
				5F9E76346FDE1677B4C8A9CC /* Copy Pods Resources */,
			);
			buildRules = (
			);
			dependencies = (
			);
			name = "GTM-Demo-V1";
			productName = "GTM-Demo-V1";
			productReference = 463BF19E1B9C3D20008A756C /* GTM-Demo-V1.app */;
			productType = "com.apple.product-type.application";
		};
		463BF1B91B9C3D20008A756C /* GTM-Demo-V1Tests */ = {
			isa = PBXNativeTarget;
			buildConfigurationList = 463BF1C71B9C3D20008A756C /* Build configuration list for PBXNativeTarget "GTM-Demo-V1Tests" */;
			buildPhases = (
				463BF1B61B9C3D20008A756C /* Sources */,
				463BF1B71B9C3D20008A756C /* Frameworks */,
				463BF1B81B9C3D20008A756C /* Resources */,
			);
			buildRules = (
			);
			dependencies = (
				463BF1BC1B9C3D20008A756C /* PBXTargetDependency */,
			);
			name = "GTM-Demo-V1Tests";
			productName = "GTM-Demo-V1Tests";
			productReference = 463BF1BA1B9C3D20008A756C /* GTM-Demo-V1Tests.xctest */;
			productType = "com.apple.product-type.bundle.unit-test";
		};
/* End PBXNativeTarget section */

/* Begin PBXProject section */
		463BF1961B9C3D20008A756C /* Project object */ = {
			isa = PBXProject;
			attributes = {
				LastUpgradeCheck = 0640;
				ORGANIZATIONNAME = "chao hsin-cheng";
				TargetAttributes = {
					463BF19D1B9C3D20008A756C = {
						CreatedOnToolsVersion = 6.4;
					};
					463BF1B91B9C3D20008A756C = {
						CreatedOnToolsVersion = 6.4;
						TestTargetID = 463BF19D1B9C3D20008A756C;
					};
				};
			};
			buildConfigurationList = 463BF1991B9C3D20008A756C /* Build configuration list for PBXProject "GTM-Demo-V1" */;
			compatibilityVersion = "Xcode 3.2";
			developmentRegion = English;
			hasScannedForEncodings = 0;
			knownRegions = (
				en,
				Base,
			);
			mainGroup = 463BF1951B9C3D20008A756C;
			productRefGroup = 463BF19F1B9C3D20008A756C /* Products */;
			projectDirPath = "";
			projectRoot = "";
			targets = (
				463BF19D1B9C3D20008A756C /* GTM-Demo-V1 */,
				463BF1B91B9C3D20008A756C /* GTM-Demo-V1Tests */,
			);
		};
/* End PBXProject section */

/* Begin PBXResourcesBuildPhase section */
		463BF19C1B9C3D20008A756C /* Resources */ = {
			isa = PBXResourcesBuildPhase;
			buildActionMask = 2147483647;
			files = (
				463BF1B01B9C3D20008A756C /* Main.storyboard in Resources */,
				463BF1B51B9C3D20008A756C /* LaunchScreen.xib in Resources */,
				463BF1B21B9C3D20008A756C /* Images.xcassets in Resources */,
			);
			runOnlyForDeploymentPostprocessing = 0;
		};
		463BF1B81B9C3D20008A756C /* Resources */ = {
			isa = PBXResourcesBuildPhase;
			buildActionMask = 2147483647;
			files = (
			);
			runOnlyForDeploymentPostprocessing = 0;
		};
/* End PBXResourcesBuildPhase section */

/* Begin PBXShellScriptBuildPhase section */
		5F9E76346FDE1677B4C8A9CC /* Copy Pods Resources */ = {
			isa = PBXShellScriptBuildPhase;
			buildActionMask = 2147483647;
			files = (
			);
			inputPaths = (
			);
			name = "Copy Pods Resources";
			outputPaths = (
			);
			runOnlyForDeploymentPostprocessing = 0;
			shellPath = /bin/sh;
			shellScript = "\"${SRCROOT}/Pods/Target Support Files/Pods-GTM-Demo-V1/Pods-GTM-Demo-V1-resources.sh\"\n";
			showEnvVarsInLog = 0;
		};
		9A73BD11CAE3AADC4B229B50 /* Check Pods Manifest.lock */ = {
			isa = PBXShellScriptBuildPhase;
			buildActionMask = 2147483647;
			files = (
			);
			inputPaths = (
			);
			name = "Check Pods Manifest.lock";
			outputPaths = (
			);
			runOnlyForDeploymentPostprocessing = 0;
			shellPath = /bin/sh;
			shellScript = "diff \"${PODS_ROOT}/../Podfile.lock\" \"${PODS_ROOT}/Manifest.lock\" > /dev/null\nif [[ $? != 0 ]] ; then\n    cat << EOM\nerror: The sandbox is not in sync with the Podfile.lock. Run 'pod install' or update your CocoaPods installation.\nEOM\n    exit 1\nfi\n";
			showEnvVarsInLog = 0;
		};
/* End PBXShellScriptBuildPhase section */

/* Begin PBXSourcesBuildPhase section */
		463BF19A1B9C3D20008A756C /* Sources */ = {
			isa = PBXSourcesBuildPhase;
			buildActionMask = 2147483647;
			files = (
				463BF1A71B9C3D20008A756C /* AppDelegate.m in Sources */,
				463BF1AA1B9C3D20008A756C /* GTM_Demo_V1.xcdatamodeld in Sources */,
				463BF1AD1B9C3D20008A756C /* ViewController.m in Sources */,
				463BF1A41B9C3D20008A756C /* main.m in Sources */,
			);
			runOnlyForDeploymentPostprocessing = 0;
		};
		463BF1B61B9C3D20008A756C /* Sources */ = {
			isa = PBXSourcesBuildPhase;
			buildActionMask = 2147483647;
			files = (
				463BF1C11B9C3D20008A756C /* GTM_Demo_V1Tests.m in Sources */,
			);
			runOnlyForDeploymentPostprocessing = 0;
		};
/* End PBXSourcesBuildPhase section */

/* Begin PBXTargetDependency section */
		463BF1BC1B9C3D20008A756C /* PBXTargetDependency */ = {
			isa = PBXTargetDependency;
			target = 463BF19D1B9C3D20008A756C /* GTM-Demo-V1 */;
			targetProxy = 463BF1BB1B9C3D20008A756C /* PBXContainerItemProxy */;
		};
/* End PBXTargetDependency section */

/* Begin PBXVariantGroup section */
		463BF1AE1B9C3D20008A756C /* Main.storyboard */ = {
			isa = PBXVariantGroup;
			children = (
				463BF1AF1B9C3D20008A756C /* Base */,
			);
			name = Main.storyboard;
			sourceTree = "<group>";
		};
		463BF1B31B9C3D20008A756C /* LaunchScreen.xib */ = {
			isa = PBXVariantGroup;
			children = (
				463BF1B41B9C3D20008A756C /* Base */,
			);
			name = LaunchScreen.xib;
			sourceTree = "<group>";
		};
/* End PBXVariantGroup section */

/* Begin XCBuildConfiguration section */
		463BF1C21B9C3D20008A756C /* Debug */ = {
			isa = XCBuildConfiguration;
			buildSettings = {
				ALWAYS_SEARCH_USER_PATHS = NO;
				CLANG_CXX_LANGUAGE_STANDARD = "gnu++0x";
				CLANG_CXX_LIBRARY = "libc++";
				CLANG_ENABLE_MODULES = YES;
				CLANG_ENABLE_OBJC_ARC = YES;
				CLANG_WARN_BOOL_CONVERSION = YES;
				CLANG_WARN_CONSTANT_CONVERSION = YES;
				CLANG_WARN_DIRECT_OBJC_ISA_USAGE = YES_ERROR;
				CLANG_WARN_EMPTY_BODY = YES;
				CLANG_WARN_ENUM_CONVERSION = YES;
				CLANG_WARN_INT_CONVERSION = YES;
				CLANG_WARN_OBJC_ROOT_CLASS = YES_ERROR;
				CLANG_WARN_UNREACHABLE_CODE = YES;
				CLANG_WARN__DUPLICATE_METHOD_MATCH = YES;
				"CODE_SIGN_IDENTITY[sdk=iphoneos*]" = "iPhone Developer";
				COPY_PHASE_STRIP = NO;
				DEBUG_INFORMATION_FORMAT = "dwarf-with-dsym";
				ENABLE_STRICT_OBJC_MSGSEND = YES;
				GCC_C_LANGUAGE_STANDARD = gnu99;
				GCC_DYNAMIC_NO_PIC = NO;
				GCC_NO_COMMON_BLOCKS = YES;
				GCC_OPTIMIZATION_LEVEL = 0;
				GCC_PREPROCESSOR_DEFINITIONS = (
					"DEBUG=1",
					"$(inherited)",
				);
				GCC_SYMBOLS_PRIVATE_EXTERN = NO;
				GCC_WARN_64_TO_32_BIT_CONVERSION = YES;
				GCC_WARN_ABOUT_RETURN_TYPE = YES_ERROR;
				GCC_WARN_UNDECLARED_SELECTOR = YES;
				GCC_WARN_UNINITIALIZED_AUTOS = YES_AGGRESSIVE;
				GCC_WARN_UNUSED_FUNCTION = YES;
				GCC_WARN_UNUSED_VARIABLE = YES;
				IPHONEOS_DEPLOYMENT_TARGET = 8.4;
				MTL_ENABLE_DEBUG_INFO = YES;
				ONLY_ACTIVE_ARCH = YES;
				SDKROOT = iphoneos;
			};
			name = Debug;
		};
		463BF1C31B9C3D20008A756C /* Release */ = {
			isa = XCBuildConfiguration;
			buildSettings = {
				ALWAYS_SEARCH_USER_PATHS = NO;
				CLANG_CXX_LANGUAGE_STANDARD = "gnu++0x";
				CLANG_CXX_LIBRARY = "libc++";
				CLANG_ENABLE_MODULES = YES;
				CLANG_ENABLE_OBJC_ARC = YES;
				CLANG_WARN_BOOL_CONVERSION = YES;
				CLANG_WARN_CONSTANT_CONVERSION = YES;
				CLANG_WARN_DIRECT_OBJC_ISA_USAGE = YES_ERROR;
				CLANG_WARN_EMPTY_BODY = YES;
				CLANG_WARN_ENUM_CONVERSION = YES;
				CLANG_WARN_INT_CONVERSION = YES;
				CLANG_WARN_OBJC_ROOT_CLASS = YES_ERROR;
				CLANG_WARN_UNREACHABLE_CODE = YES;
				CLANG_WARN__DUPLICATE_METHOD_MATCH = YES;
				"CODE_SIGN_IDENTITY[sdk=iphoneos*]" = "iPhone Developer";
				COPY_PHASE_STRIP = NO;
				DEBUG_INFORMATION_FORMAT = "dwarf-with-dsym";
				ENABLE_NS_ASSERTIONS = NO;
				ENABLE_STRICT_OBJC_MSGSEND = YES;
				GCC_C_LANGUAGE_STANDARD = gnu99;
				GCC_NO_COMMON_BLOCKS = YES;
				GCC_WARN_64_TO_32_BIT_CONVERSION = YES;
				GCC_WARN_ABOUT_RETURN_TYPE = YES_ERROR;
				GCC_WARN_UNDECLARED_SELECTOR = YES;
				GCC_WARN_UNINITIALIZED_AUTOS = YES_AGGRESSIVE;
				GCC_WARN_UNUSED_FUNCTION = YES;
				GCC_WARN_UNUSED_VARIABLE = YES;
				IPHONEOS_DEPLOYMENT_TARGET = 8.4;
				MTL_ENABLE_DEBUG_INFO = NO;
				SDKROOT = iphoneos;
				VALIDATE_PRODUCT = YES;
			};
			name = Release;
		};
		463BF1C51B9C3D20008A756C /* Debug */ = {
			isa = XCBuildConfiguration;
			baseConfigurationReference = 1D90E5F93D35E12D68CB338F /* Pods-GTM-Demo-V1.debug.xcconfig */;
			buildSettings = {
				ASSETCATALOG_COMPILER_APPICON_NAME = AppIcon;
				INFOPLIST_FILE = "GTM-Demo-V1/Info.plist";
				LD_RUNPATH_SEARCH_PATHS = "$(inherited) @executable_path/Frameworks";
				PRODUCT_NAME = "$(TARGET_NAME)";
			};
			name = Debug;
		};
		463BF1C61B9C3D20008A756C /* Release */ = {
			isa = XCBuildConfiguration;
			baseConfigurationReference = 65C7445425BA6A569CD44B59 /* Pods-GTM-Demo-V1.release.xcconfig */;
			buildSettings = {
				ASSETCATALOG_COMPILER_APPICON_NAME = AppIcon;
				INFOPLIST_FILE = "GTM-Demo-V1/Info.plist";
				LD_RUNPATH_SEARCH_PATHS = "$(inherited) @executable_path/Frameworks";
				PRODUCT_NAME = "$(TARGET_NAME)";
			};
			name = Release;
		};
		463BF1C81B9C3D20008A756C /* Debug */ = {
			isa = XCBuildConfiguration;
			buildSettings = {
				BUNDLE_LOADER = "$(TEST_HOST)";
				FRAMEWORK_SEARCH_PATHS = (
					"$(SDKROOT)/Developer/Library/Frameworks",
					"$(inherited)",
				);
				GCC_PREPROCESSOR_DEFINITIONS = (
					"DEBUG=1",
					"$(inherited)",
				);
				INFOPLIST_FILE = "GTM-Demo-V1Tests/Info.plist";
				LD_RUNPATH_SEARCH_PATHS = "$(inherited) @executable_path/Frameworks @loader_path/Frameworks";
				PRODUCT_NAME = "$(TARGET_NAME)";
				TEST_HOST = "$(BUILT_PRODUCTS_DIR)/GTM-Demo-V1.app/GTM-Demo-V1";
			};
			name = Debug;
		};
		463BF1C91B9C3D20008A756C /* Release */ = {
			isa = XCBuildConfiguration;
			buildSettings = {
				BUNDLE_LOADER = "$(TEST_HOST)";
				FRAMEWORK_SEARCH_PATHS = (
					"$(SDKROOT)/Developer/Library/Frameworks",
					"$(inherited)",
				);
				INFOPLIST_FILE = "GTM-Demo-V1Tests/Info.plist";
				LD_RUNPATH_SEARCH_PATHS = "$(inherited) @executable_path/Frameworks @loader_path/Frameworks";
				PRODUCT_NAME = "$(TARGET_NAME)";
				TEST_HOST = "$(BUILT_PRODUCTS_DIR)/GTM-Demo-V1.app/GTM-Demo-V1";
			};
			name = Release;
		};
/* End XCBuildConfiguration section */

/* Begin XCConfigurationList section */
		463BF1991B9C3D20008A756C /* Build configuration list for PBXProject "GTM-Demo-V1" */ = {
			isa = XCConfigurationList;
			buildConfigurations = (
				463BF1C21B9C3D20008A756C /* Debug */,
				463BF1C31B9C3D20008A756C /* Release */,
			);
			defaultConfigurationIsVisible = 0;
			defaultConfigurationName = Release;
		};
		463BF1C41B9C3D20008A756C /* Build configuration list for PBXNativeTarget "GTM-Demo-V1" */ = {
			isa = XCConfigurationList;
			buildConfigurations = (
				463BF1C51B9C3D20008A756C /* Debug */,
				463BF1C61B9C3D20008A756C /* Release */,
			);
			defaultConfigurationIsVisible = 0;
			defaultConfigurationName = Release;
		};
		463BF1C71B9C3D20008A756C /* Build configuration list for PBXNativeTarget "GTM-Demo-V1Tests" */ = {
			isa = XCConfigurationList;
			buildConfigurations = (
				463BF1C81B9C3D20008A756C /* Debug */,
				463BF1C91B9C3D20008A756C /* Release */,
			);
			defaultConfigurationIsVisible = 0;
			defaultConfigurationName = Release;
		};
/* End XCConfigurationList section */

/* Begin XCVersionGroup section */
		463BF1A81B9C3D20008A756C /* GTM_Demo_V1.xcdatamodeld */ = {
			isa = XCVersionGroup;
			children = (
				463BF1A91B9C3D20008A756C /* GTM_Demo_V1.xcdatamodel */,
			);
			currentVersion = 463BF1A91B9C3D20008A756C /* GTM_Demo_V1.xcdatamodel */;
			path = GTM_Demo_V1.xcdatamodeld;
			sourceTree = "<group>";
			versionGroupType = wrapper.xcdatamodel;
		};
/* End XCVersionGroup section */
	};
	rootObject = 463BF1961B9C3D20008A756C /* Project object */;
}
